
Microsoft Visual Studio Solution File, Format Version 12.00
# Visual Studio Version 16
VisualStudioVersion = 16.0.30011.22
MinimumVisualStudioVersion = 10.0.40219.1
Project("{FAE04EC0-301F-11D3-BF4B-00C04F79EFBC}") = "PsWebApi", "PsWebApi\PsWebApi.csproj", "{4BB6A3CB-B797-48F7-8075-3BD884D0FAE6}"
EndProject
Global
	GlobalSection(SolutionConfigurationPlatforms) = preSolution
		Debug|Any CPU = Debug|Any CPU
		Release|Any CPU = Release|Any CPU
	EndGlobalSection
	GlobalSection(ProjectConfigurationPlatforms) = postSolution
		{4BB6A3CB-B797-48F7-8075-3BD884D0FAE6}.Debug|Any CPU.ActiveCfg = Debug|Any CPU
		{4BB6A3CB-B797-48F7-8075-3BD884D0FAE6}.Debug|Any CPU.Build.0 = Debug|Any CPU
		{4BB6A3CB-B797-48F7-8075-3BD884D0FAE6}.Release|Any CPU.ActiveCfg = Release|Any CPU
		{4BB6A3CB-B797-48F7-8075-3BD884D0FAE6}.Release|Any CPU.Build.0 = Release|Any CPU
	EndGlobalSection
	GlobalSection(SolutionProperties) = preSolution
		HideSolutionNode = FALSE
	EndGlobalSection
	GlobalSection(ExtensibilityGlobals) = postSolution
		SolutionGuid = {5C0C6C53-A0A6-4E2A-AF0F-6775F45E6980}
	EndGlobalSection
EndGlobal
